
Microsoft Visual Studio Solution File, Format Version 12.00
# Visual Studio 15
VisualStudioVersion = 15.0.28010.2016
MinimumVisualStudioVersion = 10.0.40219.1
Project("{FAE04EC0-301F-11D3-BF4B-00C04F79EFBC}") = "Logica_BrGaap_01", "Logica_BrGaap_01\Logica_BrGaap_01.csproj", "{D281DEBD-50A9-431A-A847-BF689DE0F6E8}"
EndProject
Global
	GlobalSection(SolutionConfigurationPlatforms) = preSolution
		Debug|Any CPU = Debug|Any CPU
		Release|Any CPU = Release|Any CPU
	EndGlobalSection
	GlobalSection(ProjectConfigurationPlatforms) = postSolution
		{D281DEBD-50A9-431A-A847-BF689DE0F6E8}.Debug|Any CPU.ActiveCfg = Debug|Any CPU
		{D281DEBD-50A9-431A-A847-BF689DE0F6E8}.Debug|Any CPU.Build.0 = Debug|Any CPU
		{D281DEBD-50A9-431A-A847-BF689DE0F6E8}.Release|Any CPU.ActiveCfg = Release|Any CPU
		{D281DEBD-50A9-431A-A847-BF689DE0F6E8}.Release|Any CPU.Build.0 = Release|Any CPU
	EndGlobalSection
	GlobalSection(SolutionProperties) = preSolution
		HideSolutionNode = FALSE
	EndGlobalSection
	GlobalSection(ExtensibilityGlobals) = postSolution
		SolutionGuid = {3929C1B0-1C2D-4249-A970-A91A9E9A7B71}
	EndGlobalSection
EndGlobal
